
Microsoft Visual Studio Solution File, Format Version 12.00
Project("{FAE04EC0-301F-11D3-BF4B-00C04F79EFBC}") = "HW5-Creattional-Patterns", "HW5-Creattional-Patterns\HW5-Creattional-Patterns.csproj", "{666871C3-A884-4755-9CCC-17911E0B281C}"
EndProject
Global
	GlobalSection(SolutionConfigurationPlatforms) = preSolution
		Debug|Any CPU = Debug|Any CPU
		Release|Any CPU = Release|Any CPU
	EndGlobalSection
	GlobalSection(ProjectConfigurationPlatforms) = postSolution
		{666871C3-A884-4755-9CCC-17911E0B281C}.Debug|Any CPU.ActiveCfg = Debug|Any CPU
		{666871C3-A884-4755-9CCC-17911E0B281C}.Debug|Any CPU.Build.0 = Debug|Any CPU
		{666871C3-A884-4755-9CCC-17911E0B281C}.Release|Any CPU.ActiveCfg = Release|Any CPU
		{666871C3-A884-4755-9CCC-17911E0B281C}.Release|Any CPU.Build.0 = Release|Any CPU
	EndGlobalSection
EndGlobal
